
Microsoft Visual Studio Solution File, Format Version 12.00
# Visual Studio Version 16
VisualStudioVersion = 16.0.32228.343
MinimumVisualStudioVersion = 10.0.40219.1
Project("{9A19103F-16F7-4668-BE54-9A1E7A4F7556}") = "RestWithASPNET5", "RestWithASPNET5\RestWithASPNET5.csproj", "{780E20A8-2AF6-4831-AC62-87E476962E18}"
EndProject
Project("{E53339B2-1760-4266-BCC7-CA923CBCF16C}") = "docker-compose", "docker-compose.dcproj", "{A31AAD2B-7FCC-453A-B297-D3905D2A7E93}"
EndProject
Global
	GlobalSection(SolutionConfigurationPlatforms) = preSolution
		Debug|Any CPU = Debug|Any CPU
		Release|Any CPU = Release|Any CPU
	EndGlobalSection
	GlobalSection(ProjectConfigurationPlatforms) = postSolution
		{780E20A8-2AF6-4831-AC62-87E476962E18}.Debug|Any CPU.ActiveCfg = Debug|Any CPU
		{780E20A8-2AF6-4831-AC62-87E476962E18}.Debug|Any CPU.Build.0 = Debug|Any CPU
		{780E20A8-2AF6-4831-AC62-87E476962E18}.Release|Any CPU.ActiveCfg = Release|Any CPU
		{780E20A8-2AF6-4831-AC62-87E476962E18}.Release|Any CPU.Build.0 = Release|Any CPU
		{A31AAD2B-7FCC-453A-B297-D3905D2A7E93}.Debug|Any CPU.ActiveCfg = Debug|Any CPU
		{A31AAD2B-7FCC-453A-B297-D3905D2A7E93}.Debug|Any CPU.Build.0 = Debug|Any CPU
		{A31AAD2B-7FCC-453A-B297-D3905D2A7E93}.Release|Any CPU.ActiveCfg = Release|Any CPU
		{A31AAD2B-7FCC-453A-B297-D3905D2A7E93}.Release|Any CPU.Build.0 = Release|Any CPU
	EndGlobalSection
	GlobalSection(SolutionProperties) = preSolution
		HideSolutionNode = FALSE
	EndGlobalSection
	GlobalSection(ExtensibilityGlobals) = postSolution
		SolutionGuid = {1A6F2A52-D251-4F56-A8C9-E36155A224BD}
	EndGlobalSection
EndGlobal
